
Microsoft Visual Studio Solution File, Format Version 12.00
# Visual Studio Version 17
VisualStudioVersion = 17.0.32014.148
MinimumVisualStudioVersion = 10.0.40219.1
Project("{FAE04EC0-301F-11D3-BF4B-00C04F79EFBC}") = "PDFMicroservice", "PDFMicroservice\PDFMicroservice.csproj", "{65202958-8687-4E51-9D53-663381988218}"
EndProject
Global
	GlobalSection(SolutionConfigurationPlatforms) = preSolution
		Debug|Any CPU = Debug|Any CPU
		Release|Any CPU = Release|Any CPU
		Dev|Any CPU = Dev|Any CPU
	EndGlobalSection
	GlobalSection(ProjectConfigurationPlatforms) = postSolution
		{65202958-8687-4E51-9D53-663381988218}.Debug|Any CPU.ActiveCfg = Debug|Any CPU
		{65202958-8687-4E51-9D53-663381988218}.Debug|Any CPU.Build.0 = Debug|Any CPU
		{65202958-8687-4E51-9D53-663381988218}.Release|Any CPU.ActiveCfg = Release|Any CPU
		{65202958-8687-4E51-9D53-663381988218}.Release|Any CPU.Build.0 = Release|Any CPU
		{65202958-8687-4E51-9D53-663381988218}.Dev|Any CPU.ActiveCfg = Dev|Any CPU
		{65202958-8687-4E51-9D53-663381988218}.Dev|Any CPU.Build.0 = Dev|Any CPU
		{65202958-8687-4E51-9D53-663381988218}.Dev|Any CPU.Deploy.0 = Dev|Any CPU
	EndGlobalSection
	GlobalSection(SolutionProperties) = preSolution
		HideSolutionNode = FALSE
	EndGlobalSection
	GlobalSection(ExtensibilityGlobals) = postSolution
		SolutionGuid = {91C1A31F-D991-41CB-B970-50217E2FE408}
	EndGlobalSection
EndGlobal
